
Microsoft Visual Studio Solution File, Format Version 12.00
# Visual Studio Version 16
VisualStudioVersion = 16.0.29926.136
MinimumVisualStudioVersion = 10.0.40219.1
Project("{FAE04EC0-301F-11D3-BF4B-00C04F79EFBC}") = "dinovsrobot", "dinovsrobot\dinovsrobot.csproj", "{072CEB95-6B5B-4D15-8233-8539C820B237}"
EndProject
Global
	GlobalSection(SolutionConfigurationPlatforms) = preSolution
		Debug|Any CPU = Debug|Any CPU
		Release|Any CPU = Release|Any CPU
	EndGlobalSection
	GlobalSection(ProjectConfigurationPlatforms) = postSolution
		{072CEB95-6B5B-4D15-8233-8539C820B237}.Debug|Any CPU.ActiveCfg = Debug|Any CPU
		{072CEB95-6B5B-4D15-8233-8539C820B237}.Debug|Any CPU.Build.0 = Debug|Any CPU
		{072CEB95-6B5B-4D15-8233-8539C820B237}.Release|Any CPU.ActiveCfg = Release|Any CPU
		{072CEB95-6B5B-4D15-8233-8539C820B237}.Release|Any CPU.Build.0 = Release|Any CPU
	EndGlobalSection
	GlobalSection(SolutionProperties) = preSolution
		HideSolutionNode = FALSE
	EndGlobalSection
	GlobalSection(ExtensibilityGlobals) = postSolution
		SolutionGuid = {C4B5FED3-B2D7-4106-8A57-F7B2B19937A1}
	EndGlobalSection
EndGlobal
